
Microsoft Visual Studio Solution File, Format Version 12.00
# Visual Studio Version 16
VisualStudioVersion = 16.0.32901.82
MinimumVisualStudioVersion = 10.0.40219.1
Project("{FAE04EC0-301F-11D3-BF4B-00C04F79EFBC}") = "Semana14", "Semana14\Semana14.csproj", "{8ED66DC9-2F64-4F9C-A31B-318B84B78FDA}"
EndProject
Global
	GlobalSection(SolutionConfigurationPlatforms) = preSolution
		Debug|Any CPU = Debug|Any CPU
		Release|Any CPU = Release|Any CPU
	EndGlobalSection
	GlobalSection(ProjectConfigurationPlatforms) = postSolution
		{8ED66DC9-2F64-4F9C-A31B-318B84B78FDA}.Debug|Any CPU.ActiveCfg = Debug|Any CPU
		{8ED66DC9-2F64-4F9C-A31B-318B84B78FDA}.Debug|Any CPU.Build.0 = Debug|Any CPU
		{8ED66DC9-2F64-4F9C-A31B-318B84B78FDA}.Release|Any CPU.ActiveCfg = Release|Any CPU
		{8ED66DC9-2F64-4F9C-A31B-318B84B78FDA}.Release|Any CPU.Build.0 = Release|Any CPU
	EndGlobalSection
	GlobalSection(SolutionProperties) = preSolution
		HideSolutionNode = FALSE
	EndGlobalSection
	GlobalSection(ExtensibilityGlobals) = postSolution
		SolutionGuid = {CCEC870F-6E93-4C3D-814B-AD2D5B5CB0A0}
	EndGlobalSection
EndGlobal
